PODS:
  - AFNetworking (3.2.1):
    - AFNetworking/NSURLSession (= 3.2.1)
    - AFNetworking/Reachability (= 3.2.1)
    - AFNetworking/Security (= 3.2.1)
    - AFNetworking/Serialization (= 3.2.1)
    - AFNetworking/UIKit (= 3.2.1)
  - AFNetworking/NSURLSession (3.2.1):
    - AFNetworking/Reachability
    - AFNetworking/Security
    - AFNetworking/Serialization
  - AFNetworking/Reachability (3.2.1)
  - AFNetworking/Security (3.2.1)
  - AFNetworking/Serialization (3.2.1)
  - AFNetworking/UIKit (3.2.1):
    - AFNetworking/NSURLSession
  - Bugly (2.5.0)
  - CustomIOSAlertView (0.9.5)
  - JCore (1.2.2)
  - JPush (3.1.0):
    - JCore (~> 1.2.0)
  - MBProgressHUD (1.0.0)
  - MJRefresh (3.1.15.6)
  - SAMKeychain (1.5.3)
  - SDWebImage (3.8.2):
    - SDWebImage/Core (= 3.8.2)
  - SDWebImage/Core (3.8.2)
  - Toast (3.1.0)
  - UMengAnalytics (4.2.4)
  - UMengUShare/Core (6.4.8.2):
    - UMengUShare/Network
  - UMengUShare/Network (6.4.8.2)
  - UMengUShare/Social/QQ (6.4.8.2):
    - UMengUShare/Core
    - UMengUShare/Social/ReducedQQ
  - UMengUShare/Social/ReducedQQ (6.4.8.2):
    - UMengUShare/Core
  - UMengUShare/Social/ReducedSina (6.4.8.2):
    - UMengUShare/Core
  - UMengUShare/Social/ReducedWeChat (6.4.8.2):
    - UMengUShare/Core
  - UMengUShare/Social/Sina (6.4.8.2):
    - UMengUShare/Core
    - UMengUShare/Social/ReducedSina
  - UMengUShare/Social/SMS (6.4.8.2):
    - UMengUShare/Core
  - UMengUShare/Social/WeChat (6.4.8.2):
    - UMengUShare/Core
    - UMengUShare/Social/ReducedWeChat
  - UMengUShare/UI (6.4.8.2):
    - UMengUShare/Core

DEPENDENCIES:
  - AFNetworking (~> 3.0)
  - Bugly
  - CustomIOSAlertView (~> 0.9.5)
  - JPush
  - MBProgressHUD (~> 1.0.0)
  - MJRefresh
  - SAMKeychain
  - SDWebImage (~> 3.8)
  - Toast (~> 3.1.0)
  - UMengAnalytics
  - UMengUShare/Social/QQ
  - UMengUShare/Social/Sina
  - UMengUShare/Social/SMS
  - UMengUShare/Social/WeChat
  - UMengUShare/UI

SPEC REPOS:
  https://github.com/CocoaPods/Specs.git:
    - AFNetworking
    - Bugly
    - CustomIOSAlertView
    - JCore
    - JPush
    - MBProgressHUD
    - MJRefresh
    - SAMKeychain
    - SDWebImage
    - Toast
    - UMengAnalytics
    - UMengUShare

SPEC CHECKSUMS:
  AFNetworking: b6f891fdfaed196b46c7a83cf209e09697b94057
  Bugly: 3ca9f255c01025582df26f9222893b383c7e4b4e
  CustomIOSAlertView: cc4fa8e36219be3fd5ebcd40789f5b4aaae0f38e
  JCore: f14c0549968a63c22e246a4875aa9d428446f373
  JPush: 5921e25ad13e0386351079217b009f2039084eac
  MBProgressHUD: 4890f671c94e8a0f3cf959aa731e9de2f036d71a
  MJRefresh: 0efa19656679d70a0f47cbe76e56c2271fe53a97
  SAMKeychain: 483e1c9f32984d50ca961e26818a534283b4cd5c
  SDWebImage: 098e97e6176540799c27e804c96653ee0833d13c
  Toast: 14a93686d6c8bfe2727afd342414e35660a8a1f3
  UMengAnalytics: ef8d45f94c0e5771dc364cf6a5731d9d3b101da2
  UMengUShare: 370d180101e13ee0227ae657ab119ba97243d2b3

PODFILE CHECKSUM: 81f882c1f88e081dcd7403e7bc33c242ba921638

COCOAPODS: 1.5.0
